PODS:
  - FBSnapshotTestCase (2.1.0):
    - FBSnapshotTestCase/SwiftSupport (= 2.1.0)
  - FBSnapshotTestCase/Core (2.1.0)
  - FBSnapshotTestCase/SwiftSupport (2.1.0):
    - FBSnapshotTestCase/Core
  - myCoco (0.1.0)

DEPENDENCIES:
  - FBSnapshotTestCase
  - myCoco (from `../`)

EXTERNAL SOURCES:
  myCoco:
    :path: ../

SPEC CHECKSUMS:
  FBSnapshotTestCase: 366ecd378511d7716c79991cd8067d1eed23578d
  myCoco: a5ecce3fe666c71f35c4b0ff3c5d58ea68c46a6d

COCOAPODS: 0.39.0
